
Microsoft Visual Studio Solution File, Format Version 12.00
Project("{FAE04EC0-301F-11D3-BF4B-00C04F79EFBC}") = "TownSuite.Try.Ocr", "TownSuite.Try.Ocr\TownSuite.Try.Ocr.csproj", "{061F702E-5BD9-4372-BD98-C3BD6C5396A4}"
EndProject
Project("{FAE04EC0-301F-11D3-BF4B-00C04F79EFBC}") = "TownSuite.Web.Ocr", "TownSuite.Web.Ocr\TownSuite.Web.Ocr.csproj", "{BEDEF3F6-FFAE-4EC7-A1DE-6FCC5C9547D5}"
EndProject
Global
	GlobalSection(SolutionConfigurationPlatforms) = preSolution
		Debug|Any CPU = Debug|Any CPU
		Release|Any CPU = Release|Any CPU
	EndGlobalSection
	GlobalSection(ProjectConfigurationPlatforms) = postSolution
		{061F702E-5BD9-4372-BD98-C3BD6C5396A4}.Debug|Any CPU.ActiveCfg = Debug|Any CPU
		{061F702E-5BD9-4372-BD98-C3BD6C5396A4}.Debug|Any CPU.Build.0 = Debug|Any CPU
		{061F702E-5BD9-4372-BD98-C3BD6C5396A4}.Release|Any CPU.ActiveCfg = Release|Any CPU
		{061F702E-5BD9-4372-BD98-C3BD6C5396A4}.Release|Any CPU.Build.0 = Release|Any CPU
		{BEDEF3F6-FFAE-4EC7-A1DE-6FCC5C9547D5}.Debug|Any CPU.ActiveCfg = Debug|Any CPU
		{BEDEF3F6-FFAE-4EC7-A1DE-6FCC5C9547D5}.Debug|Any CPU.Build.0 = Debug|Any CPU
		{BEDEF3F6-FFAE-4EC7-A1DE-6FCC5C9547D5}.Release|Any CPU.ActiveCfg = Release|Any CPU
		{BEDEF3F6-FFAE-4EC7-A1DE-6FCC5C9547D5}.Release|Any CPU.Build.0 = Release|Any CPU
	EndGlobalSection
EndGlobal
